// !$*UTF8*$!
{
	archiveVersion = 1;
	classes = {
	};
	objectVersion = 50;
	objects = {

/* Begin PBXBuildFile section */
		070D7F75224219A30069D7E8 /* TableViewCell.swift in Sources */ = {isa = PBXBuildFile; fileRef = 070D7F73224219A30069D7E8 /* TableViewCell.swift */; };
		070D7F76224219A30069D7E8 /* TableViewCell.xib in Resources */ = {isa = PBXBuildFile; fileRef = 070D7F74224219A30069D7E8 /* TableViewCell.xib */; };
		0770BC12224101DD0087EFF2 /* AppDelegate.swift in Sources */ = {isa = PBXBuildFile; fileRef = 0770BC11224101DD0087EFF2 /* AppDelegate.swift */; };
		0770BC17224101DD0087EFF2 /* Main.storyboard in Resources */ = {isa = PBXBuildFile; fileRef = 0770BC15224101DD0087EFF2 /* Main.storyboard */; };
		0770BC19224101DE0087EFF2 /* Assets.xcassets in Resources */ = {isa = PBXBuildFile; fileRef = 0770BC18224101DE0087EFF2 /* Assets.xcassets */; };
		0770BC1C224101DE0087EFF2 /* LaunchScreen.storyboard in Resources */ = {isa = PBXBuildFile; fileRef = 0770BC1A224101DE0087EFF2 /* LaunchScreen.storyboard */; };
		0770BC24224102220087EFF2 /* StopWatchController.swift in Sources */ = {isa = PBXBuildFile; fileRef = 0770BC23224102220087EFF2 /* StopWatchController.swift */; };
/* End PBXBuildFile section */

/* Begin PBXFileReference section */
		070D7F73224219A30069D7E8 /* TableViewCell.swift */ = {isa = PBXFileReference; lastKnownFileType = sourcecode.swift; path = TableViewCell.swift; sourceTree = "<group>"; };
		070D7F74224219A30069D7E8 /* TableViewCell.xib */ = {isa = PBXFileReference; lastKnownFileType = file.xib; path = TableViewCell.xib; sourceTree = "<group>"; };
		0770BC0E224101DD0087EFF2 /* Exercise 17 StopWatch.app */ = {isa = PBXFileReference; explicitFileType = wrapper.application; includeInIndex = 0; path = "Exercise 17 StopWatch.app"; sourceTree = BUILT_PRODUCTS_DIR; };
		0770BC11224101DD0087EFF2 /* AppDelegate.swift */ = {isa = PBXFileReference; lastKnownFileType = sourcecode.swift; path = AppDelegate.swift; sourceTree = "<group>"; };
		0770BC16224101DD0087EFF2 /* Base */ = {isa = PBXFileReference; lastKnownFileType = file.storyboard; name = Base; path = Base.lproj/Main.storyboard; sourceTree = "<group>"; };
		0770BC18224101DE0087EFF2 /* Assets.xcassets */ = {isa = PBXFileReference; lastKnownFileType = folder.assetcatalog; path = Assets.xcassets; sourceTree = "<group>"; };
		0770BC1B224101DE0087EFF2 /* Base */ = {isa = PBXFileReference; lastKnownFileType = file.storyboard; name = Base; path = Base.lproj/LaunchScreen.storyboard; sourceTree = "<group>"; };
		0770BC1D224101DE0087EFF2 /* Info.plist */ = {isa = PBXFileReference; lastKnownFileType = text.plist.xml; path = Info.plist; sourceTree = "<group>"; };
		0770BC23224102220087EFF2 /* StopWatchController.swift */ = {isa = PBXFileReference; lastKnownFileType = sourcecode.swift; path = StopWatchController.swift; sourceTree = "<group>"; };
/* End PBXFileReference section */

/* Begin PBXFrameworksBuildPhase section */
		0770BC0B224101DD0087EFF2 /* Frameworks */ = {
			isa = PBXFrameworksBuildPhase;
			buildActionMask = 2147483647;
			files = (
			);
			runOnlyForDeploymentPostprocessing = 0;
		};
/* End PBXFrameworksBuildPhase section */

/* Begin PBXGroup section */
		0770BC05224101DD0087EFF2 = {
			isa = PBXGroup;
			children = (
				0770BC10224101DD0087EFF2 /* Exercise 17 StopWatch */,
				0770BC0F224101DD0087EFF2 /* Products */,
			);
			sourceTree = "<group>";
		};
		0770BC0F224101DD0087EFF2 /* Products */ = {
			isa = PBXGroup;
			children = (
				0770BC0E224101DD0087EFF2 /* Exercise 17 StopWatch.app */,
			);
			name = Products;
			sourceTree = "<group>";
		};
		0770BC10224101DD0087EFF2 /* Exercise 17 StopWatch */ = {
			isa = PBXGroup;
			children = (
				0770BC11224101DD0087EFF2 /* AppDelegate.swift */,
				0770BC15224101DD0087EFF2 /* Main.storyboard */,
				0770BC23224102220087EFF2 /* StopWatchController.swift */,
				070D7F73224219A30069D7E8 /* TableViewCell.swift */,
				070D7F74224219A30069D7E8 /* TableViewCell.xib */,
				0770BC18224101DE0087EFF2 /* Assets.xcassets */,
				0770BC1A224101DE0087EFF2 /* LaunchScreen.storyboard */,
				0770BC1D224101DE0087EFF2 /* Info.plist */,
			);
			path = "Exercise 17 StopWatch";
			sourceTree = "<group>";
		};
/* End PBXGroup section */

/* Begin PBXNativeTarget section */
		0770BC0D224101DD0087EFF2 /* Exercise 17 StopWatch */ = {
			isa = PBXNativeTarget;
			buildConfigurationList = 0770BC20224101DE0087EFF2 /* Build configuration list for PBXNativeTarget "Exercise 17 StopWatch" */;
			buildPhases = (
				0770BC0A224101DD0087EFF2 /* Sources */,
				0770BC0B224101DD0087EFF2 /* Frameworks */,
				0770BC0C224101DD0087EFF2 /* Resources */,
			);
			buildRules = (
			);
			dependencies = (
			);
			name = "Exercise 17 StopWatch";
			productName = "Exercise 17 StopWatch";
			productReference = 0770BC0E224101DD0087EFF2 /* Exercise 17 StopWatch.app */;
			productType = "com.apple.product-type.application";
		};
/* End PBXNativeTarget section */

/* Begin PBXProject section */
		0770BC06224101DD0087EFF2 /* Project object */ = {
			isa = PBXProject;
			attributes = {
				LastSwiftUpdateCheck = 1010;
				LastUpgradeCheck = 1010;
				ORGANIZATIONNAME = "Anindya Guha";
				TargetAttributes = {
					0770BC0D224101DD0087EFF2 = {
						CreatedOnToolsVersion = 10.1;
					};
				};
			};
			buildConfigurationList = 0770BC09224101DD0087EFF2 /* Build configuration list for PBXProject "Exercise 17 StopWatch" */;
			compatibilityVersion = "Xcode 9.3";
			developmentRegion = en;
			hasScannedForEncodings = 0;
			knownRegions = (
				en,
				Base,
			);
			mainGroup = 0770BC05224101DD0087EFF2;
			productRefGroup = 0770BC0F224101DD0087EFF2 /* Products */;
			projectDirPath = "";
			projectRoot = "";
			targets = (
				0770BC0D224101DD0087EFF2 /* Exercise 17 StopWatch */,
			);
		};
/* End PBXProject section */

/* Begin PBXResourcesBuildPhase section */
		0770BC0C224101DD0087EFF2 /* Resources */ = {
			isa = PBXResourcesBuildPhase;
			buildActionMask = 2147483647;
			files = (
				0770BC1C224101DE0087EFF2 /* LaunchScreen.storyboard in Resources */,
				070D7F76224219A30069D7E8 /* TableViewCell.xib in Resources */,
				0770BC19224101DE0087EFF2 /* Assets.xcassets in Resources */,
				0770BC17224101DD0087EFF2 /* Main.storyboard in Resources */,
			);
			runOnlyForDeploymentPostprocessing = 0;
		};
/* End PBXResourcesBuildPhase section */

/* Begin PBXSourcesBuildPhase section */
		0770BC0A224101DD0087EFF2 /* Sources */ = {
			isa = PBXSourcesBuildPhase;
			buildActionMask = 2147483647;
			files = (
				070D7F75224219A30069D7E8 /* TableViewCell.swift in Sources */,
				0770BC12224101DD0087EFF2 /* AppDelegate.swift in Sources */,
				0770BC24224102220087EFF2 /* StopWatchController.swift in Sources */,
			);
			runOnlyForDeploymentPostprocessing = 0;
		};
/* End PBXSourcesBuildPhase section */

/* Begin PBXVariantGroup section */
		0770BC15224101DD0087EFF2 /* Main.storyboard */ = {
			isa = PBXVariantGroup;
			children = (
				0770BC16224101DD0087EFF2 /* Base */,
			);
			name = Main.storyboard;
			sourceTree = "<group>";
		};
		0770BC1A224101DE0087EFF2 /* LaunchScreen.storyboard */ = {
			isa = PBXVariantGroup;
			children = (
				0770BC1B224101DE0087EFF2 /* Base */,
			);
			name = LaunchScreen.storyboard;
			sourceTree = "<group>";
		};
/* End PBXVariantGroup section */

/* Begin XCBuildConfiguration section */
		0770BC1E224101DE0087EFF2 /* Debug */ = {
			isa = XCBuildConfiguration;
			buildSettings = {
				ALWAYS_SEARCH_USER_PATHS = NO;
				CLANG_ANALYZER_NONNULL = YES;
				CLANG_ANALYZER_NUMBER_OBJECT_CONVERSION = YES_AGGRESSIVE;
				CLANG_CXX_LANGUAGE_STANDARD = "gnu++14";
				CLANG_CXX_LIBRARY = "libc++";
				CLANG_ENABLE_MODULES = YES;
				CLANG_ENABLE_OBJC_ARC = YES;
				CLANG_ENABLE_OBJC_WEAK = YES;
				CLANG_WARN_BLOCK_CAPTURE_AUTORELEASING = YES;
				CLANG_WARN_BOOL_CONVERSION = YES;
				CLANG_WARN_COMMA = YES;
				CLANG_WARN_CONSTANT_CONVERSION = YES;
				CLANG_WARN_DEPRECATED_OBJC_IMPLEMENTATIONS = YES;
				CLANG_WARN_DIRECT_OBJC_ISA_USAGE = YES_ERROR;
				CLANG_WARN_DOCUMENTATION_COMMENTS = YES;
				CLANG_WARN_EMPTY_BODY = YES;
				CLANG_WARN_ENUM_CONVERSION = YES;
				CLANG_WARN_INFINITE_RECURSION = YES;
				CLANG_WARN_INT_CONVERSION = YES;
				CLANG_WARN_NON_LITERAL_NULL_CONVERSION = YES;
				CLANG_WARN_OBJC_IMPLICIT_RETAIN_SELF = YES;
				CLANG_WARN_OBJC_LITERAL_CONVERSION = YES;
				CLANG_WARN_OBJC_ROOT_CLASS = YES_ERROR;
				CLANG_WARN_RANGE_LOOP_ANALYSIS = YES;
				CLANG_WARN_STRICT_PROTOTYPES = YES;
				CLANG_WARN_SUSPICIOUS_MOVE = YES;
				CLANG_WARN_UNGUARDED_AVAILABILITY = YES_AGGRESSIVE;
				CLANG_WARN_UNREACHABLE_CODE = YES;
				CLANG_WARN__DUPLICATE_METHOD_MATCH = YES;
				CODE_SIGN_IDENTITY = "iPhone Developer";
				COPY_PHASE_STRIP = NO;
				DEBUG_INFORMATION_FORMAT = dwarf;
				ENABLE_STRICT_OBJC_MSGSEND = YES;
				ENABLE_TESTABILITY = YES;
				GCC_C_LANGUAGE_STANDARD = gnu11;
				GCC_DYNAMIC_NO_PIC = NO;
				GCC_NO_COMMON_BLOCKS = YES;
				GCC_OPTIMIZATION_LEVEL = 0;
				GCC_PREPROCESSOR_DEFINITIONS = (
					"DEBUG=1",
					"$(inherited)",
				);
				GCC_WARN_64_TO_32_BIT_CONVERSION = YES;
				GCC_WARN_ABOUT_RETURN_TYPE = YES_ERROR;
				GCC_WARN_UNDECLARED_SELECTOR = YES;
				GCC_WARN_UNINITIALIZED_AUTOS = YES_AGGRESSIVE;
				GCC_WARN_UNUSED_FUNCTION = YES;
				GCC_WARN_UNUSED_VARIABLE = YES;
				IPHONEOS_DEPLOYMENT_TARGET = 12.1;
				MTL_ENABLE_DEBUG_INFO = INCLUDE_SOURCE;
				MTL_FAST_MATH = YES;
				ONLY_ACTIVE_ARCH = YES;
				SDKROOT = iphoneos;
				SWIFT_ACTIVE_COMPILATION_CONDITIONS = DEBUG;
				SWIFT_OPTIMIZATION_LEVEL = "-Onone";
			};
			name = Debug;
		};
		0770BC1F224101DE0087EFF2 /* Release */ = {
			isa = XCBuildConfiguration;
			buildSettings = {
				ALWAYS_SEARCH_USER_PATHS = NO;
				CLANG_ANALYZER_NONNULL = YES;
				CLANG_ANALYZER_NUMBER_OBJECT_CONVERSION = YES_AGGRESSIVE;
				CLANG_CXX_LANGUAGE_STANDARD = "gnu++14";
				CLANG_CXX_LIBRARY = "libc++";
				CLANG_ENABLE_MODULES = YES;
				CLANG_ENABLE_OBJC_ARC = YES;
				CLANG_ENABLE_OBJC_WEAK = YES;
				CLANG_WARN_BLOCK_CAPTURE_AUTORELEASING = YES;
				CLANG_WARN_BOOL_CONVERSION = YES;
				CLANG_WARN_COMMA = YES;
				CLANG_WARN_CONSTANT_CONVERSION = YES;
				CLANG_WARN_DEPRECATED_OBJC_IMPLEMENTATIONS = YES;
				CLANG_WARN_DIRECT_OBJC_ISA_USAGE = YES_ERROR;
				CLANG_WARN_DOCUMENTATION_COMMENTS = YES;
				CLANG_WARN_EMPTY_BODY = YES;
				CLANG_WARN_ENUM_CONVERSION = YES;
				CLANG_WARN_INFINITE_RECURSION = YES;
				CLANG_WARN_INT_CONVERSION = YES;
				CLANG_WARN_NON_LITERAL_NULL_CONVERSION = YES;
				CLANG_WARN_OBJC_IMPLICIT_RETAIN_SELF = YES;
				CLANG_WARN_OBJC_LITERAL_CONVERSION = YES;
				CLANG_WARN_OBJC_ROOT_CLASS = YES_ERROR;
				CLANG_WARN_RANGE_LOOP_ANALYSIS = YES;
				CLANG_WARN_STRICT_PROTOTYPES = YES;
				CLANG_WARN_SUSPICIOUS_MOVE = YES;
				CLANG_WARN_UNGUARDED_AVAILABILITY = YES_AGGRESSIVE;
				CLANG_WARN_UNREACHABLE_CODE = YES;
				CLANG_WARN__DUPLICATE_METHOD_MATCH = YES;
				CODE_SIGN_IDENTITY = "iPhone Developer";
				COPY_PHASE_STRIP = NO;
				DEBUG_INFORMATION_FORMAT = "dwarf-with-dsym";
				ENABLE_NS_ASSERTIONS = NO;
				ENABLE_STRICT_OBJC_MSGSEND = YES;
				GCC_C_LANGUAGE_STANDARD = gnu11;
				GCC_NO_COMMON_BLOCKS = YES;
				GCC_WARN_64_TO_32_BIT_CONVERSION = YES;
				GCC_WARN_ABOUT_RETURN_TYPE = YES_ERROR;
				GCC_WARN_UNDECLARED_SELECTOR = YES;
				GCC_WARN_UNINITIALIZED_AUTOS = YES_AGGRESSIVE;
				GCC_WARN_UNUSED_FUNCTION = YES;
				GCC_WARN_UNUSED_VARIABLE = YES;
				IPHONEOS_DEPLOYMENT_TARGET = 12.1;
				MTL_ENABLE_DEBUG_INFO = NO;
				MTL_FAST_MATH = YES;
				SDKROOT = iphoneos;
				SWIFT_COMPILATION_MODE = wholemodule;
				SWIFT_OPTIMIZATION_LEVEL = "-O";
				VALIDATE_PRODUCT = YES;
			};
			name = Release;
		};
		0770BC21224101DE0087EFF2 /* Debug */ = {
			isa = XCBuildConfiguration;
			buildSettings = {
				ASSETCATALOG_COMPILER_APPICON_NAME = AppIcon;
				CODE_SIGN_STYLE = Automatic;
				INFOPLIST_FILE = "Exercise 17 StopWatch/Info.plist";
				LD_RUNPATH_SEARCH_PATHS = (
					"$(inherited)",
					"@executable_path/Frameworks",
				);
				PRODUCT_BUNDLE_IDENTIFIER = "Apple-Inc..Exercise-17-StopWatch";
				PRODUCT_NAME = "$(TARGET_NAME)";
				SWIFT_VERSION = 4.2;
				TARGETED_DEVICE_FAMILY = "1,2";
			};
			name = Debug;
		};
		0770BC22224101DE0087EFF2 /* Release */ = {
			isa = XCBuildConfiguration;
			buildSettings = {
				ASSETCATALOG_COMPILER_APPICON_NAME = AppIcon;
				CODE_SIGN_STYLE = Automatic;
				INFOPLIST_FILE = "Exercise 17 StopWatch/Info.plist";
				LD_RUNPATH_SEARCH_PATHS = (
					"$(inherited)",
					"@executable_path/Frameworks",
				);
				PRODUCT_BUNDLE_IDENTIFIER = "Apple-Inc..Exercise-17-StopWatch";
				PRODUCT_NAME = "$(TARGET_NAME)";
				SWIFT_VERSION = 4.2;
				TARGETED_DEVICE_FAMILY = "1,2";
			};
			name = Release;
		};
/* End XCBuildConfiguration section */

/* Begin XCConfigurationList section */
		0770BC09224101DD0087EFF2 /* Build configuration list for PBXProject "Exercise 17 StopWatch" */ = {
			isa = XCConfigurationList;
			buildConfigurations = (
				0770BC1E224101DE0087EFF2 /* Debug */,
				0770BC1F224101DE0087EFF2 /* Release */,
			);
			defaultConfigurationIsVisible = 0;
			defaultConfigurationName = Release;
		};
		0770BC20224101DE0087EFF2 /* Build configuration list for PBXNativeTarget "Exercise 17 StopWatch" */ = {
			isa = XCConfigurationList;
			buildConfigurations = (
				0770BC21224101DE0087EFF2 /* Debug */,
				0770BC22224101DE0087EFF2 /* Release */,
			);
			defaultConfigurationIsVisible = 0;
			defaultConfigurationName = Release;
		};
/* End XCConfigurationList section */
	};
	rootObject = 0770BC06224101DD0087EFF2 /* Project object */;
}
